
Microsoft Visual Studio Solution File, Format Version 12.00
# Visual Studio Version 17
VisualStudioVersion = 17.3.32901.215
MinimumVisualStudioVersion = 10.0.40219.1
Project("{FAE04EC0-301F-11D3-BF4B-00C04F79EFBC}") = "PlaywrightSession_02", "PlaywrightSession_02\PlaywrightSession_02.csproj", "{734B63A2-54AC-43B7-8609-5FC748A2BCF6}"
EndProject
Global
	GlobalSection(SolutionConfigurationPlatforms) = preSolution
		Debug|Any CPU = Debug|Any CPU
		Release|Any CPU = Release|Any CPU
	EndGlobalSection
	GlobalSection(ProjectConfigurationPlatforms) = postSolution
		{734B63A2-54AC-43B7-8609-5FC748A2BCF6}.Debug|Any CPU.ActiveCfg = Debug|Any CPU
		{734B63A2-54AC-43B7-8609-5FC748A2BCF6}.Debug|Any CPU.Build.0 = Debug|Any CPU
		{734B63A2-54AC-43B7-8609-5FC748A2BCF6}.Release|Any CPU.ActiveCfg = Release|Any CPU
		{734B63A2-54AC-43B7-8609-5FC748A2BCF6}.Release|Any CPU.Build.0 = Release|Any CPU
	EndGlobalSection
	GlobalSection(SolutionProperties) = preSolution
		HideSolutionNode = FALSE
	EndGlobalSection
	GlobalSection(ExtensibilityGlobals) = postSolution
		SolutionGuid = {45BB8633-7403-473F-BCB7-A799CA2779B6}
	EndGlobalSection
EndGlobal
